// !$*UTF8*$!
{
	archiveVersion = 1;
	classes = {
	};
	objectVersion = 46;
	objects = {

/* Begin PBXBuildFile section */
		E8BF1B2C1B69C908004EBBA8 /* AppDelegate.swift in Sources */ = {isa = PBXBuildFile; fileRef = E8BF1B2B1B69C908004EBBA8 /* AppDelegate.swift */; };
		E8BF1B2E1B69C908004EBBA8 /* ViewController.swift in Sources */ = {isa = PBXBuildFile; fileRef = E8BF1B2D1B69C908004EBBA8 /* ViewController.swift */; };
		E8BF1B311B69C908004EBBA8 /* Main.storyboard in Resources */ = {isa = PBXBuildFile; fileRef = E8BF1B2F1B69C908004EBBA8 /* Main.storyboard */; };
		E8BF1B331B69C908004EBBA8 /* Images.xcassets in Resources */ = {isa = PBXBuildFile; fileRef = E8BF1B321B69C908004EBBA8 /* Images.xcassets */; };
		E8BF1B361B69C908004EBBA8 /* LaunchScreen.xib in Resources */ = {isa = PBXBuildFile; fileRef = E8BF1B341B69C908004EBBA8 /* LaunchScreen.xib */; };
		E8BF1B421B69C908004EBBA8 /* NTests.swift in Sources */ = {isa = PBXBuildFile; fileRef = E8BF1B411B69C908004EBBA8 /* NTests.swift */; };
		E8BF1B4C1B69C92C004EBBA8 /* MapKit.framework in Frameworks */ = {isa = PBXBuildFile; fileRef = E8BF1B4B1B69C92C004EBBA8 /* MapKit.framework */; };
/* End PBXBuildFile section */

/* Begin PBXContainerItemProxy section */
		E8BF1B3C1B69C908004EBBA8 /* PBXContainerItemProxy */ = {
			isa = PBXContainerItemProxy;
			containerPortal = E8BF1B1E1B69C907004EBBA8 /* Project object */;
			proxyType = 1;
			remoteGlobalIDString = E8BF1B251B69C907004EBBA8;
			remoteInfo = N;
		};
/* End PBXContainerItemProxy section */

/* Begin PBXFileReference section */
		E8BF1B261B69C908004EBBA8 /* N.app */ = {isa = PBXFileReference; explicitFileType = wrapper.application; includeInIndex = 0; path = N.app; sourceTree = BUILT_PRODUCTS_DIR; };
		E8BF1B2A1B69C908004EBBA8 /* Info.plist */ = {isa = PBXFileReference; lastKnownFileType = text.plist.xml; path = Info.plist; sourceTree = "<group>"; };
		E8BF1B2B1B69C908004EBBA8 /* AppDelegate.swift */ = {isa = PBXFileReference; lastKnownFileType = sourcecode.swift; path = AppDelegate.swift; sourceTree = "<group>"; };
		E8BF1B2D1B69C908004EBBA8 /* ViewController.swift */ = {isa = PBXFileReference; lastKnownFileType = sourcecode.swift; path = ViewController.swift; sourceTree = "<group>"; };
		E8BF1B301B69C908004EBBA8 /* Base */ = {isa = PBXFileReference; lastKnownFileType = file.storyboard; name = Base; path = Base.lproj/Main.storyboard; sourceTree = "<group>"; };
		E8BF1B321B69C908004EBBA8 /* Images.xcassets */ = {isa = PBXFileReference; lastKnownFileType = folder.assetcatalog; path = Images.xcassets; sourceTree = "<group>"; };
		E8BF1B351B69C908004EBBA8 /* Base */ = {isa = PBXFileReference; lastKnownFileType = file.xib; name = Base; path = Base.lproj/LaunchScreen.xib; sourceTree = "<group>"; };
		E8BF1B3B1B69C908004EBBA8 /* NTests.xctest */ = {isa = PBXFileReference; explicitFileType = wrapper.cfbundle; includeInIndex = 0; path = NTests.xctest; sourceTree = BUILT_PRODUCTS_DIR; };
		E8BF1B401B69C908004EBBA8 /* Info.plist */ = {isa = PBXFileReference; lastKnownFileType = text.plist.xml; path = Info.plist; sourceTree = "<group>"; };
		E8BF1B411B69C908004EBBA8 /* NTests.swift */ = {isa = PBXFileReference; lastKnownFileType = sourcecode.swift; path = NTests.swift; sourceTree = "<group>"; };
		E8BF1B4B1B69C92C004EBBA8 /* MapKit.framework */ = {isa = PBXFileReference; lastKnownFileType = wrapper.framework; name = MapKit.framework; path = System/Library/Frameworks/MapKit.framework; sourceTree = SDKROOT; };
/* End PBXFileReference section */

/* Begin PBXFrameworksBuildPhase section */
		E8BF1B231B69C907004EBBA8 /* Frameworks */ = {
			isa = PBXFrameworksBuildPhase;
			buildActionMask = 2147483647;
			files = (
				E8BF1B4C1B69C92C004EBBA8 /* MapKit.framework in Frameworks */,
			);
			runOnlyForDeploymentPostprocessing = 0;
		};
		E8BF1B381B69C908004EBBA8 /* Frameworks */ = {
			isa = PBXFrameworksBuildPhase;
			buildActionMask = 2147483647;
			files = (
			);
			runOnlyForDeploymentPostprocessing = 0;
		};
/* End PBXFrameworksBuildPhase section */

/* Begin PBXGroup section */
		E8BF1B1D1B69C907004EBBA8 = {
			isa = PBXGroup;
			children = (
				E8BF1B4B1B69C92C004EBBA8 /* MapKit.framework */,
				E8BF1B281B69C908004EBBA8 /* N */,
				E8BF1B3E1B69C908004EBBA8 /* NTests */,
				E8BF1B271B69C908004EBBA8 /* Products */,
			);
			sourceTree = "<group>";
		};
		E8BF1B271B69C908004EBBA8 /* Products */ = {
			isa = PBXGroup;
			children = (
				E8BF1B261B69C908004EBBA8 /* N.app */,
				E8BF1B3B1B69C908004EBBA8 /* NTests.xctest */,
			);
			name = Products;
			sourceTree = "<group>";
		};
		E8BF1B281B69C908004EBBA8 /* N */ = {
			isa = PBXGroup;
			children = (
				E8BF1B2B1B69C908004EBBA8 /* AppDelegate.swift */,
				E8BF1B2D1B69C908004EBBA8 /* ViewController.swift */,
				E8BF1B2F1B69C908004EBBA8 /* Main.storyboard */,
				E8BF1B321B69C908004EBBA8 /* Images.xcassets */,
				E8BF1B341B69C908004EBBA8 /* LaunchScreen.xib */,
				E8BF1B291B69C908004EBBA8 /* Supporting Files */,
			);
			path = N;
			sourceTree = "<group>";
		};
		E8BF1B291B69C908004EBBA8 /* Supporting Files */ = {
			isa = PBXGroup;
			children = (
				E8BF1B2A1B69C908004EBBA8 /* Info.plist */,
			);
			name = "Supporting Files";
			sourceTree = "<group>";
		};
		E8BF1B3E1B69C908004EBBA8 /* NTests */ = {
			isa = PBXGroup;
			children = (
				E8BF1B411B69C908004EBBA8 /* NTests.swift */,
				E8BF1B3F1B69C908004EBBA8 /* Supporting Files */,
			);
			path = NTests;
			sourceTree = "<group>";
		};
		E8BF1B3F1B69C908004EBBA8 /* Supporting Files */ = {
			isa = PBXGroup;
			children = (
				E8BF1B401B69C908004EBBA8 /* Info.plist */,
			);
			name = "Supporting Files";
			sourceTree = "<group>";
		};
/* End PBXGroup section */

/* Begin PBXNativeTarget section */
		E8BF1B251B69C907004EBBA8 /* N */ = {
			isa = PBXNativeTarget;
			buildConfigurationList = E8BF1B451B69C908004EBBA8 /* Build configuration list for PBXNativeTarget "N" */;
			buildPhases = (
				E8BF1B221B69C907004EBBA8 /* Sources */,
				E8BF1B231B69C907004EBBA8 /* Frameworks */,
				E8BF1B241B69C907004EBBA8 /* Resources */,
			);
			buildRules = (
			);
			dependencies = (
			);
			name = N;
			productName = N;
			productReference = E8BF1B261B69C908004EBBA8 /* N.app */;
			productType = "com.apple.product-type.application";
		};
		E8BF1B3A1B69C908004EBBA8 /* NTests */ = {
			isa = PBXNativeTarget;
			buildConfigurationList = E8BF1B481B69C908004EBBA8 /* Build configuration list for PBXNativeTarget "NTests" */;
			buildPhases = (
				E8BF1B371B69C908004EBBA8 /* Sources */,
				E8BF1B381B69C908004EBBA8 /* Frameworks */,
				E8BF1B391B69C908004EBBA8 /* Resources */,
			);
			buildRules = (
			);
			dependencies = (
				E8BF1B3D1B69C908004EBBA8 /* PBXTargetDependency */,
			);
			name = NTests;
			productName = NTests;
			productReference = E8BF1B3B1B69C908004EBBA8 /* NTests.xctest */;
			productType = "com.apple.product-type.bundle.unit-test";
		};
/* End PBXNativeTarget section */

/* Begin PBXProject section */
		E8BF1B1E1B69C907004EBBA8 /* Project object */ = {
			isa = PBXProject;
			attributes = {
				LastUpgradeCheck = 0640;
				ORGANIZATIONNAME = "Kevin Leffew";
				TargetAttributes = {
					E8BF1B251B69C907004EBBA8 = {
						CreatedOnToolsVersion = 6.4;
						SystemCapabilities = {
							com.apple.Maps.iOS = {
								enabled = 1;
							};
						};
					};
					E8BF1B3A1B69C908004EBBA8 = {
						CreatedOnToolsVersion = 6.4;
						TestTargetID = E8BF1B251B69C907004EBBA8;
					};
				};
			};
			buildConfigurationList = E8BF1B211B69C907004EBBA8 /* Build configuration list for PBXProject "N" */;
			compatibilityVersion = "Xcode 3.2";
			developmentRegion = English;
			hasScannedForEncodings = 0;
			knownRegions = (
				en,
				Base,
			);
			mainGroup = E8BF1B1D1B69C907004EBBA8;
			productRefGroup = E8BF1B271B69C908004EBBA8 /* Products */;
			projectDirPath = "";
			projectRoot = "";
			targets = (
				E8BF1B251B69C907004EBBA8 /* N */,
				E8BF1B3A1B69C908004EBBA8 /* NTests */,
			);
		};
/* End PBXProject section */

/* Begin PBXResourcesBuildPhase section */
		E8BF1B241B69C907004EBBA8 /* Resources */ = {
			isa = PBXResourcesBuildPhase;
			buildActionMask = 2147483647;
			files = (
				E8BF1B311B69C908004EBBA8 /* Main.storyboard in Resources */,
				E8BF1B361B69C908004EBBA8 /* LaunchScreen.xib in Resources */,
				E8BF1B331B69C908004EBBA8 /* Images.xcassets in Resources */,
			);
			runOnlyForDeploymentPostprocessing = 0;
		};
		E8BF1B391B69C908004EBBA8 /* Resources */ = {
			isa = PBXResourcesBuildPhase;
			buildActionMask = 2147483647;
			files = (
			);
			runOnlyForDeploymentPostprocessing = 0;
		};
/* End PBXResourcesBuildPhase section */

/* Begin PBXSourcesBuildPhase section */
		E8BF1B221B69C907004EBBA8 /* Sources */ = {
			isa = PBXSourcesBuildPhase;
			buildActionMask = 2147483647;
			files = (
				E8BF1B2E1B69C908004EBBA8 /* ViewController.swift in Sources */,
				E8BF1B2C1B69C908004EBBA8 /* AppDelegate.swift in Sources */,
			);
			runOnlyForDeploymentPostprocessing = 0;
		};
		E8BF1B371B69C908004EBBA8 /* Sources */ = {
			isa = PBXSourcesBuildPhase;
			buildActionMask = 2147483647;
			files = (
				E8BF1B421B69C908004EBBA8 /* NTests.swift in Sources */,
			);
			runOnlyForDeploymentPostprocessing = 0;
		};
/* End PBXSourcesBuildPhase section */

/* Begin PBXTargetDependency section */
		E8BF1B3D1B69C908004EBBA8 /* PBXTargetDependency */ = {
			isa = PBXTargetDependency;
			target = E8BF1B251B69C907004EBBA8 /* N */;
			targetProxy = E8BF1B3C1B69C908004EBBA8 /* PBXContainerItemProxy */;
		};
/* End PBXTargetDependency section */

/* Begin PBXVariantGroup section */
		E8BF1B2F1B69C908004EBBA8 /* Main.storyboard */ = {
			isa = PBXVariantGroup;
			children = (
				E8BF1B301B69C908004EBBA8 /* Base */,
			);
			name = Main.storyboard;
			sourceTree = "<group>";
		};
		E8BF1B341B69C908004EBBA8 /* LaunchScreen.xib */ = {
			isa = PBXVariantGroup;
			children = (
				E8BF1B351B69C908004EBBA8 /* Base */,
			);
			name = LaunchScreen.xib;
			sourceTree = "<group>";
		};
/* End PBXVariantGroup section */

/* Begin XCBuildConfiguration section */
		E8BF1B431B69C908004EBBA8 /* Debug */ = {
			isa = XCBuildConfiguration;
			buildSettings = {
				ALWAYS_SEARCH_USER_PATHS = NO;
				CLANG_CXX_LANGUAGE_STANDARD = "gnu++0x";
				CLANG_CXX_LIBRARY = "libc++";
				CLANG_ENABLE_MODULES = YES;
				CLANG_ENABLE_OBJC_ARC = YES;
				CLANG_WARN_BOOL_CONVERSION = YES;
				CLANG_WARN_CONSTANT_CONVERSION = YES;
				CLANG_WARN_DIRECT_OBJC_ISA_USAGE = YES_ERROR;
				CLANG_WARN_EMPTY_BODY = YES;
				CLANG_WARN_ENUM_CONVERSION = YES;
				CLANG_WARN_INT_CONVERSION = YES;
				CLANG_WARN_OBJC_ROOT_CLASS = YES_ERROR;
				CLANG_WARN_UNREACHABLE_CODE = YES;
				CLANG_WARN__DUPLICATE_METHOD_MATCH = YES;
				"CODE_SIGN_IDENTITY[sdk=iphoneos*]" = "iPhone Developer";
				COPY_PHASE_STRIP = NO;
				DEBUG_INFORMATION_FORMAT = "dwarf-with-dsym";
				ENABLE_STRICT_OBJC_MSGSEND = YES;
				GCC_C_LANGUAGE_STANDARD = gnu99;
				GCC_DYNAMIC_NO_PIC = NO;
				GCC_NO_COMMON_BLOCKS = YES;
				GCC_OPTIMIZATION_LEVEL = 0;
				GCC_PREPROCESSOR_DEFINITIONS = (
					"DEBUG=1",
					"$(inherited)",
				);
				GCC_SYMBOLS_PRIVATE_EXTERN = NO;
				GCC_WARN_64_TO_32_BIT_CONVERSION = YES;
				GCC_WARN_ABOUT_RETURN_TYPE = YES_ERROR;
				GCC_WARN_UNDECLARED_SELECTOR = YES;
				GCC_WARN_UNINITIALIZED_AUTOS = YES_AGGRESSIVE;
				GCC_WARN_UNUSED_FUNCTION = YES;
				GCC_WARN_UNUSED_VARIABLE = YES;
				IPHONEOS_DEPLOYMENT_TARGET = 8.4;
				MTL_ENABLE_DEBUG_INFO = YES;
				ONLY_ACTIVE_ARCH = YES;
				SDKROOT = iphoneos;
				SWIFT_OPTIMIZATION_LEVEL = "-Onone";
			};
			name = Debug;
		};
		E8BF1B441B69C908004EBBA8 /* Release */ = {
			isa = XCBuildConfiguration;
			buildSettings = {
				ALWAYS_SEARCH_USER_PATHS = NO;
				CLANG_CXX_LANGUAGE_STANDARD = "gnu++0x";
				CLANG_CXX_LIBRARY = "libc++";
				CLANG_ENABLE_MODULES = YES;
				CLANG_ENABLE_OBJC_ARC = YES;
				CLANG_WARN_BOOL_CONVERSION = YES;
				CLANG_WARN_CONSTANT_CONVERSION = YES;
				CLANG_WARN_DIRECT_OBJC_ISA_USAGE = YES_ERROR;
				CLANG_WARN_EMPTY_BODY = YES;
				CLANG_WARN_ENUM_CONVERSION = YES;
				CLANG_WARN_INT_CONVERSION = YES;
				CLANG_WARN_OBJC_ROOT_CLASS = YES_ERROR;
				CLANG_WARN_UNREACHABLE_CODE = YES;
				CLANG_WARN__DUPLICATE_METHOD_MATCH = YES;
				"CODE_SIGN_IDENTITY[sdk=iphoneos*]" = "iPhone Developer";
				COPY_PHASE_STRIP = NO;
				DEBUG_INFORMATION_FORMAT = "dwarf-with-dsym";
				ENABLE_NS_ASSERTIONS = NO;
				ENABLE_STRICT_OBJC_MSGSEND = YES;
				GCC_C_LANGUAGE_STANDARD = gnu99;
				GCC_NO_COMMON_BLOCKS = YES;
				GCC_WARN_64_TO_32_BIT_CONVERSION = YES;
				GCC_WARN_ABOUT_RETURN_TYPE = YES_ERROR;
				GCC_WARN_UNDECLARED_SELECTOR = YES;
				GCC_WARN_UNINITIALIZED_AUTOS = YES_AGGRESSIVE;
				GCC_WARN_UNUSED_FUNCTION = YES;
				GCC_WARN_UNUSED_VARIABLE = YES;
				IPHONEOS_DEPLOYMENT_TARGET = 8.4;
				MTL_ENABLE_DEBUG_INFO = NO;
				SDKROOT = iphoneos;
				VALIDATE_PRODUCT = YES;
			};
			name = Release;
		};
		E8BF1B461B69C908004EBBA8 /* Debug */ = {
			isa = XCBuildConfiguration;
			buildSettings = {
				ASSETCATALOG_COMPILER_APPICON_NAME = AppIcon;
				INFOPLIST_FILE = N/Info.plist;
				LD_RUNPATH_SEARCH_PATHS = "$(inherited) @executable_path/Frameworks";
				PRODUCT_NAME = "$(TARGET_NAME)";
			};
			name = Debug;
		};
		E8BF1B471B69C908004EBBA8 /* Release */ = {
			isa = XCBuildConfiguration;
			buildSettings = {
				ASSETCATALOG_COMPILER_APPICON_NAME = AppIcon;
				INFOPLIST_FILE = N/Info.plist;
				LD_RUNPATH_SEARCH_PATHS = "$(inherited) @executable_path/Frameworks";
				PRODUCT_NAME = "$(TARGET_NAME)";
			};
			name = Release;
		};
		E8BF1B491B69C908004EBBA8 /* Debug */ = {
			isa = XCBuildConfiguration;
			buildSettings = {
				BUNDLE_LOADER = "$(TEST_HOST)";
				FRAMEWORK_SEARCH_PATHS = (
					"$(SDKROOT)/Developer/Library/Frameworks",
					"$(inherited)",
				);
				GCC_PREPROCESSOR_DEFINITIONS = (
					"DEBUG=1",
					"$(inherited)",
				);
				INFOPLIST_FILE = NTests/Info.plist;
				LD_RUNPATH_SEARCH_PATHS = "$(inherited) @executable_path/Frameworks @loader_path/Frameworks";
				PRODUCT_NAME = "$(TARGET_NAME)";
				TEST_HOST = "$(BUILT_PRODUCTS_DIR)/N.app/N";
			};
			name = Debug;
		};
		E8BF1B4A1B69C908004EBBA8 /* Release */ = {
			isa = XCBuildConfiguration;
			buildSettings = {
				BUNDLE_LOADER = "$(TEST_HOST)";
				FRAMEWORK_SEARCH_PATHS = (
					"$(SDKROOT)/Developer/Library/Frameworks",
					"$(inherited)",
				);
				INFOPLIST_FILE = NTests/Info.plist;
				LD_RUNPATH_SEARCH_PATHS = "$(inherited) @executable_path/Frameworks @loader_path/Frameworks";
				PRODUCT_NAME = "$(TARGET_NAME)";
				TEST_HOST = "$(BUILT_PRODUCTS_DIR)/N.app/N";
			};
			name = Release;
		};
/* End XCBuildConfiguration section */

/* Begin XCConfigurationList section */
		E8BF1B211B69C907004EBBA8 /* Build configuration list for PBXProject "N" */ = {
			isa = XCConfigurationList;
			buildConfigurations = (
				E8BF1B431B69C908004EBBA8 /* Debug */,
				E8BF1B441B69C908004EBBA8 /* Release */,
			);
			defaultConfigurationIsVisible = 0;
			defaultConfigurationName = Release;
		};
		E8BF1B451B69C908004EBBA8 /* Build configuration list for PBXNativeTarget "N" */ = {
			isa = XCConfigurationList;
			buildConfigurations = (
				E8BF1B461B69C908004EBBA8 /* Debug */,
				E8BF1B471B69C908004EBBA8 /* Release */,
			);
			defaultConfigurationIsVisible = 0;
		};
		E8BF1B481B69C908004EBBA8 /* Build configuration list for PBXNativeTarget "NTests" */ = {
			isa = XCConfigurationList;
			buildConfigurations = (
				E8BF1B491B69C908004EBBA8 /* Debug */,
				E8BF1B4A1B69C908004EBBA8 /* Release */,
			);
			defaultConfigurationIsVisible = 0;
		};
/* End XCConfigurationList section */
	};
	rootObject = E8BF1B1E1B69C907004EBBA8 /* Project object */;
}
