// !$*UTF8*$!
{
	archiveVersion = 1;
	classes = {
	};
	objectVersion = 46;
	objects = {

/* Begin PBXBuildFile section */
		E8DD3C731B3CA97100E0CF05 /* AppDelegate.swift in Sources */ = {isa = PBXBuildFile; fileRef = E8DD3C721B3CA97100E0CF05 /* AppDelegate.swift */; };
		E8DD3C751B3CA97100E0CF05 /* RootViewController.swift in Sources */ = {isa = PBXBuildFile; fileRef = E8DD3C741B3CA97100E0CF05 /* RootViewController.swift */; };
		E8DD3C771B3CA97100E0CF05 /* DataViewController.swift in Sources */ = {isa = PBXBuildFile; fileRef = E8DD3C761B3CA97100E0CF05 /* DataViewController.swift */; };
		E8DD3C791B3CA97100E0CF05 /* ModelController.swift in Sources */ = {isa = PBXBuildFile; fileRef = E8DD3C781B3CA97100E0CF05 /* ModelController.swift */; };
		E8DD3C7C1B3CA97100E0CF05 /* Main.storyboard in Resources */ = {isa = PBXBuildFile; fileRef = E8DD3C7A1B3CA97100E0CF05 /* Main.storyboard */; };
		E8DD3C7E1B3CA97100E0CF05 /* Images.xcassets in Resources */ = {isa = PBXBuildFile; fileRef = E8DD3C7D1B3CA97100E0CF05 /* Images.xcassets */; };
		E8DD3C811B3CA97100E0CF05 /* LaunchScreen.xib in Resources */ = {isa = PBXBuildFile; fileRef = E8DD3C7F1B3CA97100E0CF05 /* LaunchScreen.xib */; };
		E8DD3C8D1B3CA97200E0CF05 /* Pickup_NationTests.swift in Sources */ = {isa = PBXBuildFile; fileRef = E8DD3C8C1B3CA97200E0CF05 /* Pickup_NationTests.swift */; };
/* End PBXBuildFile section */

/* Begin PBXContainerItemProxy section */
		E8DD3C871B3CA97200E0CF05 /* PBXContainerItemProxy */ = {
			isa = PBXContainerItemProxy;
			containerPortal = E8DD3C651B3CA97100E0CF05 /* Project object */;
			proxyType = 1;
			remoteGlobalIDString = E8DD3C6C1B3CA97100E0CF05;
			remoteInfo = "Pickup Nation";
		};
/* End PBXContainerItemProxy section */

/* Begin PBXFileReference section */
		E8DD3C6D1B3CA97100E0CF05 /* Pickup Nation.app */ = {isa = PBXFileReference; explicitFileType = wrapper.application; includeInIndex = 0; path = "Pickup Nation.app"; sourceTree = BUILT_PRODUCTS_DIR; };
		E8DD3C711B3CA97100E0CF05 /* Info.plist */ = {isa = PBXFileReference; lastKnownFileType = text.plist.xml; path = Info.plist; sourceTree = "<group>"; };
		E8DD3C721B3CA97100E0CF05 /* AppDelegate.swift */ = {isa = PBXFileReference; lastKnownFileType = sourcecode.swift; path = AppDelegate.swift; sourceTree = "<group>"; };
		E8DD3C741B3CA97100E0CF05 /* RootViewController.swift */ = {isa = PBXFileReference; lastKnownFileType = sourcecode.swift; path = RootViewController.swift; sourceTree = "<group>"; };
		E8DD3C761B3CA97100E0CF05 /* DataViewController.swift */ = {isa = PBXFileReference; lastKnownFileType = sourcecode.swift; path = DataViewController.swift; sourceTree = "<group>"; };
		E8DD3C781B3CA97100E0CF05 /* ModelController.swift */ = {isa = PBXFileReference; lastKnownFileType = sourcecode.swift; path = ModelController.swift; sourceTree = "<group>"; };
		E8DD3C7B1B3CA97100E0CF05 /* Base */ = {isa = PBXFileReference; lastKnownFileType = file.storyboard; name = Base; path = Base.lproj/Main.storyboard; sourceTree = "<group>"; };
		E8DD3C7D1B3CA97100E0CF05 /* Images.xcassets */ = {isa = PBXFileReference; lastKnownFileType = folder.assetcatalog; path = Images.xcassets; sourceTree = "<group>"; };
		E8DD3C801B3CA97100E0CF05 /* Base */ = {isa = PBXFileReference; lastKnownFileType = file.xib; name = Base; path = Base.lproj/LaunchScreen.xib; sourceTree = "<group>"; };
		E8DD3C861B3CA97200E0CF05 /* Pickup NationTests.xctest */ = {isa = PBXFileReference; explicitFileType = wrapper.cfbundle; includeInIndex = 0; path = "Pickup NationTests.xctest"; sourceTree = BUILT_PRODUCTS_DIR; };
		E8DD3C8B1B3CA97200E0CF05 /* Info.plist */ = {isa = PBXFileReference; lastKnownFileType = text.plist.xml; path = Info.plist; sourceTree = "<group>"; };
		E8DD3C8C1B3CA97200E0CF05 /* Pickup_NationTests.swift */ = {isa = PBXFileReference; lastKnownFileType = sourcecode.swift; path = Pickup_NationTests.swift; sourceTree = "<group>"; };
/* End PBXFileReference section */

/* Begin PBXFrameworksBuildPhase section */
		E8DD3C6A1B3CA97100E0CF05 /* Frameworks */ = {
			isa = PBXFrameworksBuildPhase;
			buildActionMask = 2147483647;
			files = (
			);
			runOnlyForDeploymentPostprocessing = 0;
		};
		E8DD3C831B3CA97200E0CF05 /* Frameworks */ = {
			isa = PBXFrameworksBuildPhase;
			buildActionMask = 2147483647;
			files = (
			);
			runOnlyForDeploymentPostprocessing = 0;
		};
/* End PBXFrameworksBuildPhase section */

/* Begin PBXGroup section */
		E8DD3C641B3CA97100E0CF05 = {
			isa = PBXGroup;
			children = (
				E8DD3C6F1B3CA97100E0CF05 /* Pickup Nation */,
				E8DD3C891B3CA97200E0CF05 /* Pickup NationTests */,
				E8DD3C6E1B3CA97100E0CF05 /* Products */,
			);
			sourceTree = "<group>";
		};
		E8DD3C6E1B3CA97100E0CF05 /* Products */ = {
			isa = PBXGroup;
			children = (
				E8DD3C6D1B3CA97100E0CF05 /* Pickup Nation.app */,
				E8DD3C861B3CA97200E0CF05 /* Pickup NationTests.xctest */,
			);
			name = Products;
			sourceTree = "<group>";
		};
		E8DD3C6F1B3CA97100E0CF05 /* Pickup Nation */ = {
			isa = PBXGroup;
			children = (
				E8DD3C721B3CA97100E0CF05 /* AppDelegate.swift */,
				E8DD3C741B3CA97100E0CF05 /* RootViewController.swift */,
				E8DD3C761B3CA97100E0CF05 /* DataViewController.swift */,
				E8DD3C781B3CA97100E0CF05 /* ModelController.swift */,
				E8DD3C7A1B3CA97100E0CF05 /* Main.storyboard */,
				E8DD3C7D1B3CA97100E0CF05 /* Images.xcassets */,
				E8DD3C7F1B3CA97100E0CF05 /* LaunchScreen.xib */,
				E8DD3C701B3CA97100E0CF05 /* Supporting Files */,
			);
			path = "Pickup Nation";
			sourceTree = "<group>";
		};
		E8DD3C701B3CA97100E0CF05 /* Supporting Files */ = {
			isa = PBXGroup;
			children = (
				E8DD3C711B3CA97100E0CF05 /* Info.plist */,
			);
			name = "Supporting Files";
			sourceTree = "<group>";
		};
		E8DD3C891B3CA97200E0CF05 /* Pickup NationTests */ = {
			isa = PBXGroup;
			children = (
				E8DD3C8C1B3CA97200E0CF05 /* Pickup_NationTests.swift */,
				E8DD3C8A1B3CA97200E0CF05 /* Supporting Files */,
			);
			path = "Pickup NationTests";
			sourceTree = "<group>";
		};
		E8DD3C8A1B3CA97200E0CF05 /* Supporting Files */ = {
			isa = PBXGroup;
			children = (
				E8DD3C8B1B3CA97200E0CF05 /* Info.plist */,
			);
			name = "Supporting Files";
			sourceTree = "<group>";
		};
/* End PBXGroup section */

/* Begin PBXNativeTarget section */
		E8DD3C6C1B3CA97100E0CF05 /* Pickup Nation */ = {
			isa = PBXNativeTarget;
			buildConfigurationList = E8DD3C901B3CA97200E0CF05 /* Build configuration list for PBXNativeTarget "Pickup Nation" */;
			buildPhases = (
				E8DD3C691B3CA97100E0CF05 /* Sources */,
				E8DD3C6A1B3CA97100E0CF05 /* Frameworks */,
				E8DD3C6B1B3CA97100E0CF05 /* Resources */,
			);
			buildRules = (
			);
			dependencies = (
			);
			name = "Pickup Nation";
			productName = "Pickup Nation";
			productReference = E8DD3C6D1B3CA97100E0CF05 /* Pickup Nation.app */;
			productType = "com.apple.product-type.application";
		};
		E8DD3C851B3CA97200E0CF05 /* Pickup NationTests */ = {
			isa = PBXNativeTarget;
			buildConfigurationList = E8DD3C931B3CA97200E0CF05 /* Build configuration list for PBXNativeTarget "Pickup NationTests" */;
			buildPhases = (
				E8DD3C821B3CA97200E0CF05 /* Sources */,
				E8DD3C831B3CA97200E0CF05 /* Frameworks */,
				E8DD3C841B3CA97200E0CF05 /* Resources */,
			);
			buildRules = (
			);
			dependencies = (
				E8DD3C881B3CA97200E0CF05 /* PBXTargetDependency */,
			);
			name = "Pickup NationTests";
			productName = "Pickup NationTests";
			productReference = E8DD3C861B3CA97200E0CF05 /* Pickup NationTests.xctest */;
			productType = "com.apple.product-type.bundle.unit-test";
		};
/* End PBXNativeTarget section */

/* Begin PBXProject section */
		E8DD3C651B3CA97100E0CF05 /* Project object */ = {
			isa = PBXProject;
			attributes = {
				LastUpgradeCheck = 0630;
				ORGANIZATIONNAME = "Kevin Leffew";
				TargetAttributes = {
					E8DD3C6C1B3CA97100E0CF05 = {
						CreatedOnToolsVersion = 6.3.2;
					};
					E8DD3C851B3CA97200E0CF05 = {
						CreatedOnToolsVersion = 6.3.2;
						TestTargetID = E8DD3C6C1B3CA97100E0CF05;
					};
				};
			};
			buildConfigurationList = E8DD3C681B3CA97100E0CF05 /* Build configuration list for PBXProject "Pickup Nation" */;
			compatibilityVersion = "Xcode 3.2";
			developmentRegion = English;
			hasScannedForEncodings = 0;
			knownRegions = (
				en,
				Base,
			);
			mainGroup = E8DD3C641B3CA97100E0CF05;
			productRefGroup = E8DD3C6E1B3CA97100E0CF05 /* Products */;
			projectDirPath = "";
			projectRoot = "";
			targets = (
				E8DD3C6C1B3CA97100E0CF05 /* Pickup Nation */,
				E8DD3C851B3CA97200E0CF05 /* Pickup NationTests */,
			);
		};
/* End PBXProject section */

/* Begin PBXResourcesBuildPhase section */
		E8DD3C6B1B3CA97100E0CF05 /* Resources */ = {
			isa = PBXResourcesBuildPhase;
			buildActionMask = 2147483647;
			files = (
				E8DD3C7C1B3CA97100E0CF05 /* Main.storyboard in Resources */,
				E8DD3C811B3CA97100E0CF05 /* LaunchScreen.xib in Resources */,
				E8DD3C7E1B3CA97100E0CF05 /* Images.xcassets in Resources */,
			);
			runOnlyForDeploymentPostprocessing = 0;
		};
		E8DD3C841B3CA97200E0CF05 /* Resources */ = {
			isa = PBXResourcesBuildPhase;
			buildActionMask = 2147483647;
			files = (
			);
			runOnlyForDeploymentPostprocessing = 0;
		};
/* End PBXResourcesBuildPhase section */

/* Begin PBXSourcesBuildPhase section */
		E8DD3C691B3CA97100E0CF05 /* Sources */ = {
			isa = PBXSourcesBuildPhase;
			buildActionMask = 2147483647;
			files = (
				E8DD3C751B3CA97100E0CF05 /* RootViewController.swift in Sources */,
				E8DD3C791B3CA97100E0CF05 /* ModelController.swift in Sources */,
				E8DD3C771B3CA97100E0CF05 /* DataViewController.swift in Sources */,
				E8DD3C731B3CA97100E0CF05 /* AppDelegate.swift in Sources */,
			);
			runOnlyForDeploymentPostprocessing = 0;
		};
		E8DD3C821B3CA97200E0CF05 /* Sources */ = {
			isa = PBXSourcesBuildPhase;
			buildActionMask = 2147483647;
			files = (
				E8DD3C8D1B3CA97200E0CF05 /* Pickup_NationTests.swift in Sources */,
			);
			runOnlyForDeploymentPostprocessing = 0;
		};
/* End PBXSourcesBuildPhase section */

/* Begin PBXTargetDependency section */
		E8DD3C881B3CA97200E0CF05 /* PBXTargetDependency */ = {
			isa = PBXTargetDependency;
			target = E8DD3C6C1B3CA97100E0CF05 /* Pickup Nation */;
			targetProxy = E8DD3C871B3CA97200E0CF05 /* PBXContainerItemProxy */;
		};
/* End PBXTargetDependency section */

/* Begin PBXVariantGroup section */
		E8DD3C7A1B3CA97100E0CF05 /* Main.storyboard */ = {
			isa = PBXVariantGroup;
			children = (
				E8DD3C7B1B3CA97100E0CF05 /* Base */,
			);
			name = Main.storyboard;
			sourceTree = "<group>";
		};
		E8DD3C7F1B3CA97100E0CF05 /* LaunchScreen.xib */ = {
			isa = PBXVariantGroup;
			children = (
				E8DD3C801B3CA97100E0CF05 /* Base */,
			);
			name = LaunchScreen.xib;
			sourceTree = "<group>";
		};
/* End PBXVariantGroup section */

/* Begin XCBuildConfiguration section */
		E8DD3C8E1B3CA97200E0CF05 /* Debug */ = {
			isa = XCBuildConfiguration;
			buildSettings = {
				ALWAYS_SEARCH_USER_PATHS = NO;
				CLANG_CXX_LANGUAGE_STANDARD = "gnu++0x";
				CLANG_CXX_LIBRARY = "libc++";
				CLANG_ENABLE_MODULES = YES;
				CLANG_ENABLE_OBJC_ARC = YES;
				CLANG_WARN_BOOL_CONVERSION = YES;
				CLANG_WARN_CONSTANT_CONVERSION = YES;
				CLANG_WARN_DIRECT_OBJC_ISA_USAGE = YES_ERROR;
				CLANG_WARN_EMPTY_BODY = YES;
				CLANG_WARN_ENUM_CONVERSION = YES;
				CLANG_WARN_INT_CONVERSION = YES;
				CLANG_WARN_OBJC_ROOT_CLASS = YES_ERROR;
				CLANG_WARN_UNREACHABLE_CODE = YES;
				CLANG_WARN__DUPLICATE_METHOD_MATCH = YES;
				"CODE_SIGN_IDENTITY[sdk=iphoneos*]" = "iPhone Developer";
				COPY_PHASE_STRIP = NO;
				DEBUG_INFORMATION_FORMAT = "dwarf-with-dsym";
				ENABLE_STRICT_OBJC_MSGSEND = YES;
				GCC_C_LANGUAGE_STANDARD = gnu99;
				GCC_DYNAMIC_NO_PIC = NO;
				GCC_NO_COMMON_BLOCKS = YES;
				GCC_OPTIMIZATION_LEVEL = 0;
				GCC_PREPROCESSOR_DEFINITIONS = (
					"DEBUG=1",
					"$(inherited)",
				);
				GCC_SYMBOLS_PRIVATE_EXTERN = NO;
				GCC_WARN_64_TO_32_BIT_CONVERSION = YES;
				GCC_WARN_ABOUT_RETURN_TYPE = YES_ERROR;
				GCC_WARN_UNDECLARED_SELECTOR = YES;
				GCC_WARN_UNINITIALIZED_AUTOS = YES_AGGRESSIVE;
				GCC_WARN_UNUSED_FUNCTION = YES;
				GCC_WARN_UNUSED_VARIABLE = YES;
				IPHONEOS_DEPLOYMENT_TARGET = 8.3;
				MTL_ENABLE_DEBUG_INFO = YES;
				ONLY_ACTIVE_ARCH = YES;
				SDKROOT = iphoneos;
				SWIFT_OPTIMIZATION_LEVEL = "-Onone";
				TARGETED_DEVICE_FAMILY = "1,2";
			};
			name = Debug;
		};
		E8DD3C8F1B3CA97200E0CF05 /* Release */ = {
			isa = XCBuildConfiguration;
			buildSettings = {
				ALWAYS_SEARCH_USER_PATHS = NO;
				CLANG_CXX_LANGUAGE_STANDARD = "gnu++0x";
				CLANG_CXX_LIBRARY = "libc++";
				CLANG_ENABLE_MODULES = YES;
				CLANG_ENABLE_OBJC_ARC = YES;
				CLANG_WARN_BOOL_CONVERSION = YES;
				CLANG_WARN_CONSTANT_CONVERSION = YES;
				CLANG_WARN_DIRECT_OBJC_ISA_USAGE = YES_ERROR;
				CLANG_WARN_EMPTY_BODY = YES;
				CLANG_WARN_ENUM_CONVERSION = YES;
				CLANG_WARN_INT_CONVERSION = YES;
				CLANG_WARN_OBJC_ROOT_CLASS = YES_ERROR;
				CLANG_WARN_UNREACHABLE_CODE = YES;
				CLANG_WARN__DUPLICATE_METHOD_MATCH = YES;
				"CODE_SIGN_IDENTITY[sdk=iphoneos*]" = "iPhone Developer";
				COPY_PHASE_STRIP = NO;
				DEBUG_INFORMATION_FORMAT = "dwarf-with-dsym";
				ENABLE_NS_ASSERTIONS = NO;
				ENABLE_STRICT_OBJC_MSGSEND = YES;
				GCC_C_LANGUAGE_STANDARD = gnu99;
				GCC_NO_COMMON_BLOCKS = YES;
				GCC_WARN_64_TO_32_BIT_CONVERSION = YES;
				GCC_WARN_ABOUT_RETURN_TYPE = YES_ERROR;
				GCC_WARN_UNDECLARED_SELECTOR = YES;
				GCC_WARN_UNINITIALIZED_AUTOS = YES_AGGRESSIVE;
				GCC_WARN_UNUSED_FUNCTION = YES;
				GCC_WARN_UNUSED_VARIABLE = YES;
				IPHONEOS_DEPLOYMENT_TARGET = 8.3;
				MTL_ENABLE_DEBUG_INFO = NO;
				SDKROOT = iphoneos;
				TARGETED_DEVICE_FAMILY = "1,2";
				VALIDATE_PRODUCT = YES;
			};
			name = Release;
		};
		E8DD3C911B3CA97200E0CF05 /* Debug */ = {
			isa = XCBuildConfiguration;
			buildSettings = {
				ASSETCATALOG_COMPILER_APPICON_NAME = AppIcon;
				INFOPLIST_FILE = "Pickup Nation/Info.plist";
				LD_RUNPATH_SEARCH_PATHS = "$(inherited) @executable_path/Frameworks";
				PRODUCT_NAME = "$(TARGET_NAME)";
			};
			name = Debug;
		};
		E8DD3C921B3CA97200E0CF05 /* Release */ = {
			isa = XCBuildConfiguration;
			buildSettings = {
				ASSETCATALOG_COMPILER_APPICON_NAME = AppIcon;
				INFOPLIST_FILE = "Pickup Nation/Info.plist";
				LD_RUNPATH_SEARCH_PATHS = "$(inherited) @executable_path/Frameworks";
				PRODUCT_NAME = "$(TARGET_NAME)";
			};
			name = Release;
		};
		E8DD3C941B3CA97200E0CF05 /* Debug */ = {
			isa = XCBuildConfiguration;
			buildSettings = {
				BUNDLE_LOADER = "$(TEST_HOST)";
				FRAMEWORK_SEARCH_PATHS = (
					"$(SDKROOT)/Developer/Library/Frameworks",
					"$(inherited)",
				);
				GCC_PREPROCESSOR_DEFINITIONS = (
					"DEBUG=1",
					"$(inherited)",
				);
				INFOPLIST_FILE = "Pickup NationTests/Info.plist";
				LD_RUNPATH_SEARCH_PATHS = "$(inherited) @executable_path/Frameworks @loader_path/Frameworks";
				PRODUCT_NAME = "$(TARGET_NAME)";
				TEST_HOST = "$(BUILT_PRODUCTS_DIR)/Pickup Nation.app/Pickup Nation";
			};
			name = Debug;
		};
		E8DD3C951B3CA97200E0CF05 /* Release */ = {
			isa = XCBuildConfiguration;
			buildSettings = {
				BUNDLE_LOADER = "$(TEST_HOST)";
				FRAMEWORK_SEARCH_PATHS = (
					"$(SDKROOT)/Developer/Library/Frameworks",
					"$(inherited)",
				);
				INFOPLIST_FILE = "Pickup NationTests/Info.plist";
				LD_RUNPATH_SEARCH_PATHS = "$(inherited) @executable_path/Frameworks @loader_path/Frameworks";
				PRODUCT_NAME = "$(TARGET_NAME)";
				TEST_HOST = "$(BUILT_PRODUCTS_DIR)/Pickup Nation.app/Pickup Nation";
			};
			name = Release;
		};
/* End XCBuildConfiguration section */

/* Begin XCConfigurationList section */
		E8DD3C681B3CA97100E0CF05 /* Build configuration list for PBXProject "Pickup Nation" */ = {
			isa = XCConfigurationList;
			buildConfigurations = (
				E8DD3C8E1B3CA97200E0CF05 /* Debug */,
				E8DD3C8F1B3CA97200E0CF05 /* Release */,
			);
			defaultConfigurationIsVisible = 0;
			defaultConfigurationName = Release;
		};
		E8DD3C901B3CA97200E0CF05 /* Build configuration list for PBXNativeTarget "Pickup Nation" */ = {
			isa = XCConfigurationList;
			buildConfigurations = (
				E8DD3C911B3CA97200E0CF05 /* Debug */,
				E8DD3C921B3CA97200E0CF05 /* Release */,
			);
			defaultConfigurationIsVisible = 0;
		};
		E8DD3C931B3CA97200E0CF05 /* Build configuration list for PBXNativeTarget "Pickup NationTests" */ = {
			isa = XCConfigurationList;
			buildConfigurations = (
				E8DD3C941B3CA97200E0CF05 /* Debug */,
				E8DD3C951B3CA97200E0CF05 /* Release */,
			);
			defaultConfigurationIsVisible = 0;
		};
/* End XCConfigurationList section */
	};
	rootObject = E8DD3C651B3CA97100E0CF05 /* Project object */;
}
